
Microsoft Visual Studio Solution File, Format Version 12.00
# Visual Studio Version 16
VisualStudioVersion = 16.0.29215.179
MinimumVisualStudioVersion = 10.0.40219.1
Project("{9A19103F-16F7-4668-BE54-9A1E7A4F7556}") = "Flyinline.WebUI", "Presentation\Flyinline.WebUI\Flyinline.WebUI.csproj", "{3ADEAF42-B3FF-4D54-A3F6-3505CF9648F5}"
EndProject
Project("{2150E333-8FDC-42A3-9474-1A3956D46DE8}") = "Presentation", "Presentation", "{3CA77C27-76E5-45E7-AD9F-D06E182F2820}"
EndProject
Project("{2150E333-8FDC-42A3-9474-1A3956D46DE8}") = "Infrastructure", "Infrastructure", "{A905A0F1-A721-433F-B679-97BFBFA973E8}"
EndProject
Project("{9A19103F-16F7-4668-BE54-9A1E7A4F7556}") = "Flyinline.Persistance", "Infrastructure\Flyinline.Persistance\Flyinline.Persistance.csproj", "{2F9283BB-482D-43CD-87E8-B5CDBD591760}"
EndProject
Project("{2150E333-8FDC-42A3-9474-1A3956D46DE8}") = "Core", "Core", "{8C4DB90A-CEE4-40EE-A117-23A58B6C610E}"
EndProject
Project("{9A19103F-16F7-4668-BE54-9A1E7A4F7556}") = "Flyinline.Domain", "Core\Flyinline.Domain\Flyinline.Domain.csproj", "{6E41D6F5-0C10-4BF1-AB3D-407CF5C2A9AD}"
EndProject
Project("{9A19103F-16F7-4668-BE54-9A1E7A4F7556}") = "Flyinline.Application", "Core\Flyinline.Application\Flyinline.Application.csproj", "{EBD808B1-ECCC-49F0-AF87-73231E456780}"
EndProject
Project("{9A19103F-16F7-4668-BE54-9A1E7A4F7556}") = "Flyinline.Infrastructure", "Infrastructure\Flyinline.Infrastructure\Flyinline.Infrastructure.csproj", "{C0A53F71-0D3A-486E-94A5-5EB42C18C42D}"
EndProject
Project("{2150E333-8FDC-42A3-9474-1A3956D46DE8}") = "Tests", "Tests", "{BC053AA4-34AE-4F06-952C-E1C8D6853DB4}"
EndProject
Project("{9A19103F-16F7-4668-BE54-9A1E7A4F7556}") = "Flyinline.Application.Tests", "Tests\Flyinline.Application.Tests\Flyinline.Application.Tests.csproj", "{6D143C98-E5A9-4D04-B89B-C02062B0544E}"
EndProject
Project("{FAE04EC0-301F-11D3-BF4B-00C04F79EFBC}") = "Flyinline.WebUI.FunctionalTests", "Tests\Flyinline.WebUI.FunctionalTests\Flyinline.WebUI.FunctionalTests.csproj", "{8001727B-1F50-425C-86FA-3415A3F2BA9D}"
EndProject
Global
	GlobalSection(SolutionConfigurationPlatforms) = preSolution
		Debug|Any CPU = Debug|Any CPU
		Release|Any CPU = Release|Any CPU
	EndGlobalSection
	GlobalSection(ProjectConfigurationPlatforms) = postSolution
		{3ADEAF42-B3FF-4D54-A3F6-3505CF9648F5}.Debug|Any CPU.ActiveCfg = Debug|Any CPU
		{3ADEAF42-B3FF-4D54-A3F6-3505CF9648F5}.Debug|Any CPU.Build.0 = Debug|Any CPU
		{3ADEAF42-B3FF-4D54-A3F6-3505CF9648F5}.Release|Any CPU.ActiveCfg = Release|Any CPU
		{3ADEAF42-B3FF-4D54-A3F6-3505CF9648F5}.Release|Any CPU.Build.0 = Release|Any CPU
		{2F9283BB-482D-43CD-87E8-B5CDBD591760}.Debug|Any CPU.ActiveCfg = Debug|Any CPU
		{2F9283BB-482D-43CD-87E8-B5CDBD591760}.Debug|Any CPU.Build.0 = Debug|Any CPU
		{2F9283BB-482D-43CD-87E8-B5CDBD591760}.Release|Any CPU.ActiveCfg = Release|Any CPU
		{2F9283BB-482D-43CD-87E8-B5CDBD591760}.Release|Any CPU.Build.0 = Release|Any CPU
		{6E41D6F5-0C10-4BF1-AB3D-407CF5C2A9AD}.Debug|Any CPU.ActiveCfg = Debug|Any CPU
		{6E41D6F5-0C10-4BF1-AB3D-407CF5C2A9AD}.Debug|Any CPU.Build.0 = Debug|Any CPU
		{6E41D6F5-0C10-4BF1-AB3D-407CF5C2A9AD}.Release|Any CPU.ActiveCfg = Release|Any CPU
		{6E41D6F5-0C10-4BF1-AB3D-407CF5C2A9AD}.Release|Any CPU.Build.0 = Release|Any CPU
		{EBD808B1-ECCC-49F0-AF87-73231E456780}.Debug|Any CPU.ActiveCfg = Debug|Any CPU
		{EBD808B1-ECCC-49F0-AF87-73231E456780}.Debug|Any CPU.Build.0 = Debug|Any CPU
		{EBD808B1-ECCC-49F0-AF87-73231E456780}.Release|Any CPU.ActiveCfg = Release|Any CPU
		{EBD808B1-ECCC-49F0-AF87-73231E456780}.Release|Any CPU.Build.0 = Release|Any CPU
		{C0A53F71-0D3A-486E-94A5-5EB42C18C42D}.Debug|Any CPU.ActiveCfg = Debug|Any CPU
		{C0A53F71-0D3A-486E-94A5-5EB42C18C42D}.Debug|Any CPU.Build.0 = Debug|Any CPU
		{C0A53F71-0D3A-486E-94A5-5EB42C18C42D}.Release|Any CPU.ActiveCfg = Release|Any CPU
		{C0A53F71-0D3A-486E-94A5-5EB42C18C42D}.Release|Any CPU.Build.0 = Release|Any CPU
		{6D143C98-E5A9-4D04-B89B-C02062B0544E}.Debug|Any CPU.ActiveCfg = Debug|Any CPU
		{6D143C98-E5A9-4D04-B89B-C02062B0544E}.Debug|Any CPU.Build.0 = Debug|Any CPU
		{6D143C98-E5A9-4D04-B89B-C02062B0544E}.Release|Any CPU.ActiveCfg = Release|Any CPU
		{6D143C98-E5A9-4D04-B89B-C02062B0544E}.Release|Any CPU.Build.0 = Release|Any CPU
		{8001727B-1F50-425C-86FA-3415A3F2BA9D}.Debug|Any CPU.ActiveCfg = Debug|Any CPU
		{8001727B-1F50-425C-86FA-3415A3F2BA9D}.Debug|Any CPU.Build.0 = Debug|Any CPU
		{8001727B-1F50-425C-86FA-3415A3F2BA9D}.Release|Any CPU.ActiveCfg = Release|Any CPU
		{8001727B-1F50-425C-86FA-3415A3F2BA9D}.Release|Any CPU.Build.0 = Release|Any CPU
	EndGlobalSection
	GlobalSection(SolutionProperties) = preSolution
		HideSolutionNode = FALSE
	EndGlobalSection
	GlobalSection(NestedProjects) = preSolution
		{3ADEAF42-B3FF-4D54-A3F6-3505CF9648F5} = {3CA77C27-76E5-45E7-AD9F-D06E182F2820}
		{2F9283BB-482D-43CD-87E8-B5CDBD591760} = {A905A0F1-A721-433F-B679-97BFBFA973E8}
		{6E41D6F5-0C10-4BF1-AB3D-407CF5C2A9AD} = {8C4DB90A-CEE4-40EE-A117-23A58B6C610E}
		{EBD808B1-ECCC-49F0-AF87-73231E456780} = {8C4DB90A-CEE4-40EE-A117-23A58B6C610E}
		{C0A53F71-0D3A-486E-94A5-5EB42C18C42D} = {A905A0F1-A721-433F-B679-97BFBFA973E8}
		{6D143C98-E5A9-4D04-B89B-C02062B0544E} = {BC053AA4-34AE-4F06-952C-E1C8D6853DB4}
		{8001727B-1F50-425C-86FA-3415A3F2BA9D} = {BC053AA4-34AE-4F06-952C-E1C8D6853DB4}
	EndGlobalSection
	GlobalSection(ExtensibilityGlobals) = postSolution
		SolutionGuid = {24B00B39-9ECA-4DE9-9E6C-5D63C7620D0C}
	EndGlobalSection
EndGlobal
