
Microsoft Visual Studio Solution File, Format Version 12.00
# Visual Studio Version 16
VisualStudioVersion = 16.0.29215.179
MinimumVisualStudioVersion = 10.0.40219.1
Project("{9A19103F-16F7-4668-BE54-9A1E7A4F7556}") = "Flyinline.WebUI", "Presentation\Flyinline.WebUI\Flyinline.WebUI.csproj", "{3ADEAF42-B3FF-4D54-A3F6-3505CF9648F5}"
EndProject
Project("{2150E333-8FDC-42A3-9474-1A3956D46DE8}") = "Presentation", "Presentation", "{3CA77C27-76E5-45E7-AD9F-D06E182F2820}"
EndProject
Project("{2150E333-8FDC-42A3-9474-1A3956D46DE8}") = "Infrastructure", "Infrastructure", "{A905A0F1-A721-433F-B679-97BFBFA973E8}"
EndProject
Project("{FAE04EC0-301F-11D3-BF4B-00C04F79EFBC}") = "Flyinline.Persistance", "Infrastructure\Flyinline.Persistance\Flyinline.Persistance.csproj", "{2F9283BB-482D-43CD-87E8-B5CDBD591760}"
EndProject
Global
	GlobalSection(SolutionConfigurationPlatforms) = preSolution
		Debug|Any CPU = Debug|Any CPU
		Release|Any CPU = Release|Any CPU
	EndGlobalSection
	GlobalSection(ProjectConfigurationPlatforms) = postSolution
		{3ADEAF42-B3FF-4D54-A3F6-3505CF9648F5}.Debug|Any CPU.ActiveCfg = Debug|Any CPU
		{3ADEAF42-B3FF-4D54-A3F6-3505CF9648F5}.Debug|Any CPU.Build.0 = Debug|Any CPU
		{3ADEAF42-B3FF-4D54-A3F6-3505CF9648F5}.Release|Any CPU.ActiveCfg = Release|Any CPU
		{3ADEAF42-B3FF-4D54-A3F6-3505CF9648F5}.Release|Any CPU.Build.0 = Release|Any CPU
		{2F9283BB-482D-43CD-87E8-B5CDBD591760}.Debug|Any CPU.ActiveCfg = Debug|Any CPU
		{2F9283BB-482D-43CD-87E8-B5CDBD591760}.Debug|Any CPU.Build.0 = Debug|Any CPU
		{2F9283BB-482D-43CD-87E8-B5CDBD591760}.Release|Any CPU.ActiveCfg = Release|Any CPU
		{2F9283BB-482D-43CD-87E8-B5CDBD591760}.Release|Any CPU.Build.0 = Release|Any CPU
	EndGlobalSection
	GlobalSection(SolutionProperties) = preSolution
		HideSolutionNode = FALSE
	EndGlobalSection
	GlobalSection(NestedProjects) = preSolution
		{3ADEAF42-B3FF-4D54-A3F6-3505CF9648F5} = {3CA77C27-76E5-45E7-AD9F-D06E182F2820}
		{2F9283BB-482D-43CD-87E8-B5CDBD591760} = {A905A0F1-A721-433F-B679-97BFBFA973E8}
	EndGlobalSection
	GlobalSection(ExtensibilityGlobals) = postSolution
		SolutionGuid = {24B00B39-9ECA-4DE9-9E6C-5D63C7620D0C}
	EndGlobalSection
EndGlobal
